
Microsoft Visual Studio Solution File, Format Version 12.00
# Visual Studio 2013
VisualStudioVersion = 12.0.30501.0
MinimumVisualStudioVersion = 10.0.40219.1
Project("{FAE04EC0-301F-11D3-BF4B-00C04F79EFBC}") = "Sod.Mobitinerary.Api.Demo", "Sod.Mobitinerary.Api.Demo\Sod.Mobitinerary.Api.Demo.csproj", "{D581C3D0-ED5E-4C94-A9B1-E67B4DE5DA18}"
EndProject
Project("{2150E333-8FDC-42A3-9474-1A3956D46DE8}") = ".nuget", ".nuget", "{F1616145-EB49-4C4C-888B-AC75763A0BD1}"
	ProjectSection(SolutionItems) = preProject
		.nuget\NuGet.Config = .nuget\NuGet.Config
		.nuget\NuGet.exe = .nuget\NuGet.exe
		.nuget\NuGet.targets = .nuget\NuGet.targets
	EndProjectSection
EndProject
Global
	GlobalSection(SolutionConfigurationPlatforms) = preSolution
		Debug|Any CPU = Debug|Any CPU
		Release|Any CPU = Release|Any CPU
	EndGlobalSection
	GlobalSection(ProjectConfigurationPlatforms) = postSolution
		{D581C3D0-ED5E-4C94-A9B1-E67B4DE5DA18}.Debug|Any CPU.ActiveCfg = Debug|Any CPU
		{D581C3D0-ED5E-4C94-A9B1-E67B4DE5DA18}.Debug|Any CPU.Build.0 = Debug|Any CPU
		{D581C3D0-ED5E-4C94-A9B1-E67B4DE5DA18}.Release|Any CPU.ActiveCfg = Release|Any CPU
		{D581C3D0-ED5E-4C94-A9B1-E67B4DE5DA18}.Release|Any CPU.Build.0 = Release|Any CPU
	EndGlobalSection
	GlobalSection(SolutionProperties) = preSolution
		HideSolutionNode = FALSE
	EndGlobalSection
EndGlobal
